
Microsoft Visual Studio Solution File, Format Version 12.00
# Visual Studio 14
VisualStudioVersion = 14.0.25420.1
MinimumVisualStudioVersion = 10.0.40219.1
Project("{FAE04EC0-301F-11D3-BF4B-00C04F79EFBC}") = "CollectionTask", "CollectionTask\CollectionTask.csproj", "{C038743C-BFE7-4265-956F-FA73DC5544BB}"
EndProject
Project("{FAE04EC0-301F-11D3-BF4B-00C04F79EFBC}") = "Fibonacci", "ConsoleApplication1\Fibonacci.csproj", "{F44CAA5A-B2F5-40BA-B8D1-A9AA07723672}"
EndProject
Global
	GlobalSection(SolutionConfigurationPlatforms) = preSolution
		Debug|Any CPU = Debug|Any CPU
		Release|Any CPU = Release|Any CPU
	EndGlobalSection
	GlobalSection(ProjectConfigurationPlatforms) = postSolution
		{C038743C-BFE7-4265-956F-FA73DC5544BB}.Debug|Any CPU.ActiveCfg = Debug|Any CPU
		{C038743C-BFE7-4265-956F-FA73DC5544BB}.Debug|Any CPU.Build.0 = Debug|Any CPU
		{C038743C-BFE7-4265-956F-FA73DC5544BB}.Release|Any CPU.ActiveCfg = Release|Any CPU
		{C038743C-BFE7-4265-956F-FA73DC5544BB}.Release|Any CPU.Build.0 = Release|Any CPU
		{F44CAA5A-B2F5-40BA-B8D1-A9AA07723672}.Debug|Any CPU.ActiveCfg = Debug|Any CPU
		{F44CAA5A-B2F5-40BA-B8D1-A9AA07723672}.Debug|Any CPU.Build.0 = Debug|Any CPU
		{F44CAA5A-B2F5-40BA-B8D1-A9AA07723672}.Release|Any CPU.ActiveCfg = Release|Any CPU
		{F44CAA5A-B2F5-40BA-B8D1-A9AA07723672}.Release|Any CPU.Build.0 = Release|Any CPU
	EndGlobalSection
	GlobalSection(SolutionProperties) = preSolution
		HideSolutionNode = FALSE
	EndGlobalSection
EndGlobal
